# This file is automatically @generated by Cargo.
# It is not intended for manual editing.
version = 3

[[package]]
name = "cht-rs"
version = "0.1.0"
dependencies = [
 "rust_fzf",
]

[[package]]
name = "rust_fzf"
version = "0.1.1"
source = "registry+https://github.com/rust-lang/crates.io-index"
checksum = "d11972a669a6e05d8a33af5a2fdec29ae2a3df64361e1237b06d6f974d227c7c"
